
Microsoft Visual Studio Solution File, Format Version 12.00
# Visual Studio Version 17
VisualStudioVersion = 17.10.35027.167
MinimumVisualStudioVersion = 10.0.40219.1
Project("{9A19103F-16F7-4668-BE54-9A1E7A4F7556}") = "ShapesLibrary", "ShapesLibrary\ShapesLibrary.csproj", "{91B87C96-10BD-411B-A769-011F623B5775}"
EndProject
Project("{FAE04EC0-301F-11D3-BF4B-00C04F79EFBC}") = "ShapesLibrary.Tests", "ShapesLibrary.Tests\ShapesLibrary.Tests.csproj", "{C035B220-7B76-4CCC-ACFA-949B894AAB79}"
EndProject
Global
	GlobalSection(SolutionConfigurationPlatforms) = preSolution
		Debug|Any CPU = Debug|Any CPU
		Release|Any CPU = Release|Any CPU
	EndGlobalSection
	GlobalSection(ProjectConfigurationPlatforms) = postSolution
		{91B87C96-10BD-411B-A769-011F623B5775}.Debug|Any CPU.ActiveCfg = Debug|Any CPU
		{91B87C96-10BD-411B-A769-011F623B5775}.Debug|Any CPU.Build.0 = Debug|Any CPU
		{91B87C96-10BD-411B-A769-011F623B5775}.Release|Any CPU.ActiveCfg = Release|Any CPU
		{91B87C96-10BD-411B-A769-011F623B5775}.Release|Any CPU.Build.0 = Release|Any CPU
		{C035B220-7B76-4CCC-ACFA-949B894AAB79}.Debug|Any CPU.ActiveCfg = Debug|Any CPU
		{C035B220-7B76-4CCC-ACFA-949B894AAB79}.Debug|Any CPU.Build.0 = Debug|Any CPU
		{C035B220-7B76-4CCC-ACFA-949B894AAB79}.Release|Any CPU.ActiveCfg = Release|Any CPU
		{C035B220-7B76-4CCC-ACFA-949B894AAB79}.Release|Any CPU.Build.0 = Release|Any CPU
	EndGlobalSection
	GlobalSection(SolutionProperties) = preSolution
		HideSolutionNode = FALSE
	EndGlobalSection
	GlobalSection(ExtensibilityGlobals) = postSolution
		SolutionGuid = {CFF57895-D152-420B-B933-359CB5BA4920}
	EndGlobalSection
EndGlobal
